
Microsoft Visual Studio Solution File, Format Version 12.00
# Visual Studio Version 17
VisualStudioVersion = 17.5.002.0
MinimumVisualStudioVersion = 10.0.40219.1
Project("{9A19103F-16F7-4668-BE54-9A1E7A4F7556}") = "GERENCIAMENTO-DE-PESSOAS.API", "GERENCIAMENTO-DE-PESSOAS.API\GERENCIAMENTO-DE-PESSOAS.API.csproj", "{FB3ECD4A-7620-4385-A4B3-836C525C3C39}"
EndProject
Project("{9A19103F-16F7-4668-BE54-9A1E7A4F7556}") = "GERENCIAMENTO-DE-PESSOAS.CORE", "GERENCIAMENTO-DE-PESSOAS.CORE\GERENCIAMENTO-DE-PESSOAS.CORE.csproj", "{FAFE106D-D5D9-4128-A979-C79BE74A1ED9}"
EndProject
Project("{9A19103F-16F7-4668-BE54-9A1E7A4F7556}") = "GERENCIAMENTO-DE-PESSOAS.DATA", "GERENCIAMENTO-DE-PESSOAS.DATA\GERENCIAMENTO-DE-PESSOAS.DATA.csproj", "{A213F696-0807-44C6-B57F-3506852C5B0E}"
EndProject
Project("{9A19103F-16F7-4668-BE54-9A1E7A4F7556}") = "GERENCIAMENTO-DE-PESSOAS.MANAGER", "GERENCIAMENTO-DE-PESSOAS.MANAGER\GERENCIAMENTO-DE-PESSOAS.MANAGER.csproj", "{3C6B0764-1B75-4179-9010-CF880C676A14}"
EndProject
Global
	GlobalSection(SolutionConfigurationPlatforms) = preSolution
		Debug|Any CPU = Debug|Any CPU
		Release|Any CPU = Release|Any CPU
	EndGlobalSection
	GlobalSection(ProjectConfigurationPlatforms) = postSolution
		{FB3ECD4A-7620-4385-A4B3-836C525C3C39}.Debug|Any CPU.ActiveCfg = Debug|Any CPU
		{FB3ECD4A-7620-4385-A4B3-836C525C3C39}.Debug|Any CPU.Build.0 = Debug|Any CPU
		{FB3ECD4A-7620-4385-A4B3-836C525C3C39}.Release|Any CPU.ActiveCfg = Release|Any CPU
		{FB3ECD4A-7620-4385-A4B3-836C525C3C39}.Release|Any CPU.Build.0 = Release|Any CPU
		{FAFE106D-D5D9-4128-A979-C79BE74A1ED9}.Debug|Any CPU.ActiveCfg = Debug|Any CPU
		{FAFE106D-D5D9-4128-A979-C79BE74A1ED9}.Debug|Any CPU.Build.0 = Debug|Any CPU
		{FAFE106D-D5D9-4128-A979-C79BE74A1ED9}.Release|Any CPU.ActiveCfg = Release|Any CPU
		{FAFE106D-D5D9-4128-A979-C79BE74A1ED9}.Release|Any CPU.Build.0 = Release|Any CPU
		{A213F696-0807-44C6-B57F-3506852C5B0E}.Debug|Any CPU.ActiveCfg = Debug|Any CPU
		{A213F696-0807-44C6-B57F-3506852C5B0E}.Debug|Any CPU.Build.0 = Debug|Any CPU
		{A213F696-0807-44C6-B57F-3506852C5B0E}.Release|Any CPU.ActiveCfg = Release|Any CPU
		{A213F696-0807-44C6-B57F-3506852C5B0E}.Release|Any CPU.Build.0 = Release|Any CPU
		{3C6B0764-1B75-4179-9010-CF880C676A14}.Debug|Any CPU.ActiveCfg = Debug|Any CPU
		{3C6B0764-1B75-4179-9010-CF880C676A14}.Debug|Any CPU.Build.0 = Debug|Any CPU
		{3C6B0764-1B75-4179-9010-CF880C676A14}.Release|Any CPU.ActiveCfg = Release|Any CPU
		{3C6B0764-1B75-4179-9010-CF880C676A14}.Release|Any CPU.Build.0 = Release|Any CPU
	EndGlobalSection
	GlobalSection(SolutionProperties) = preSolution
		HideSolutionNode = FALSE
	EndGlobalSection
	GlobalSection(ExtensibilityGlobals) = postSolution
		SolutionGuid = {35FAFAC3-0508-4FC6-A65D-FC307289A34B}
	EndGlobalSection
EndGlobal
